{
  "name": "mohs",
  "version": "1.0.0",
  "lockfileVersion": 1,
  "requires": true,
  "dependencies": {
    "csv-parse": {
      "version": "4.15.3",
      "resolved": "https://registry.npmjs.org/csv-parse/-/csv-parse-4.15.3.tgz",
      "integrity": "sha512-jlTqDvLdHnYMSr08ynNfk4IAUSJgJjTKy2U5CQBSu4cN9vQOJonLVZP4Qo4gKKrIgIQ5dr07UwOJdi+lRqT12w=="
    },
    "getopts": {
      "version": "2.3.0",
      "resolved": "https://registry.npmjs.org/getopts/-/getopts-2.3.0.tgz",
      "integrity": "sha512-5eDf9fuSXwxBL6q5HX+dhDj+dslFGWzU5thZ9kNKUkcPtaPdatmUFKwHFrLb/uf/WpA4BHET+AX3Scl56cAjpA=="
    },
    "string-builder": {
      "version": "0.1.8",
      "resolved": "https://registry.npmjs.org/string-builder/-/string-builder-0.1.8.tgz",
      "integrity": "sha512-0pUtikmhChLaf+uLqzYTgzTCQc4jAjaWHolxPGq3D77SgSoTqkOlv0RVF3XwDxMR9x/y1WPPwkTNalZCA9DGnQ=="
    }
  }
}
